
Microsoft Visual Studio Solution File, Format Version 12.00
# Visual Studio Version 17
VisualStudioVersion = 17.4.33103.184
MinimumVisualStudioVersion = 10.0.40219.1
Project("{FAE04EC0-301F-11D3-BF4B-00C04F79EFBC}") = "Strategy", "Strategy\Strategy.csproj", "{2963F745-590C-4E91-9E9E-60FCB5D8B840}"
EndProject
Global
	GlobalSection(SolutionConfigurationPlatforms) = preSolution
		Debug|Any CPU = Debug|Any CPU
		Release|Any CPU = Release|Any CPU
	EndGlobalSection
	GlobalSection(ProjectConfigurationPlatforms) = postSolution
		{2963F745-590C-4E91-9E9E-60FCB5D8B840}.Debug|Any CPU.ActiveCfg = Debug|Any CPU
		{2963F745-590C-4E91-9E9E-60FCB5D8B840}.Debug|Any CPU.Build.0 = Debug|Any CPU
		{2963F745-590C-4E91-9E9E-60FCB5D8B840}.Release|Any CPU.ActiveCfg = Release|Any CPU
		{2963F745-590C-4E91-9E9E-60FCB5D8B840}.Release|Any CPU.Build.0 = Release|Any CPU
	EndGlobalSection
	GlobalSection(SolutionProperties) = preSolution
		HideSolutionNode = FALSE
	EndGlobalSection
	GlobalSection(ExtensibilityGlobals) = postSolution
		SolutionGuid = {9B965930-D589-404D-B2E3-D88CAF2EFA45}
	EndGlobalSection
EndGlobal
